// !$*UTF8*$!
{
	archiveVersion = 1;
	classes = {
	};
	objectVersion = 56;
	objects = {

/* Begin PBXBuildFile section */
		D9ADA487299AD6D900DC0FD3 /* AppDelegate.swift in Sources */ = {isa = PBXBuildFile; fileRef = D9ADA486299AD6D900DC0FD3 /* AppDelegate.swift */; };
		D9ADA489299AD6D900DC0FD3 /* SceneDelegate.swift in Sources */ = {isa = PBXBuildFile; fileRef = D9ADA488299AD6D900DC0FD3 /* SceneDelegate.swift */; };
		D9ADA48B299AD6D900DC0FD3 /* ProductListVC.swift in Sources */ = {isa = PBXBuildFile; fileRef = D9ADA48A299AD6D900DC0FD3 /* ProductListVC.swift */; };
		D9ADA48E299AD6D900DC0FD3 /* Main.storyboard in Resources */ = {isa = PBXBuildFile; fileRef = D9ADA48C299AD6D900DC0FD3 /* Main.storyboard */; };
		D9ADA490299AD6DC00DC0FD3 /* Assets.xcassets in Resources */ = {isa = PBXBuildFile; fileRef = D9ADA48F299AD6DC00DC0FD3 /* Assets.xcassets */; };
		D9ADA493299AD6DC00DC0FD3 /* LaunchScreen.storyboard in Resources */ = {isa = PBXBuildFile; fileRef = D9ADA491299AD6DC00DC0FD3 /* LaunchScreen.storyboard */; };
		D9ADA49B299AD9C200DC0FD3 /* GoogleService-Info.plist in Resources */ = {isa = PBXBuildFile; fileRef = D9ADA49A299AD9C200DC0FD3 /* GoogleService-Info.plist */; };
		D9ADA49E299ADAD400DC0FD3 /* FirebaseAnalytics in Frameworks */ = {isa = PBXBuildFile; productRef = D9ADA49D299ADAD400DC0FD3 /* FirebaseAnalytics */; };
		D9ADA4A0299ADAD400DC0FD3 /* FirebaseDatabase in Frameworks */ = {isa = PBXBuildFile; productRef = D9ADA49F299ADAD400DC0FD3 /* FirebaseDatabase */; };
		D9ADA4A2299ADAD400DC0FD3 /* FirebaseDatabaseSwift in Frameworks */ = {isa = PBXBuildFile; productRef = D9ADA4A1299ADAD400DC0FD3 /* FirebaseDatabaseSwift */; };
		D9ADA4B3299B7CCF00DC0FD3 /* ProductListViewModel.swift in Sources */ = {isa = PBXBuildFile; fileRef = D9ADA4B2299B7CCF00DC0FD3 /* ProductListViewModel.swift */; };
		D9ADA4B5299B7CDD00DC0FD3 /* ProductDetailVC.swift in Sources */ = {isa = PBXBuildFile; fileRef = D9ADA4B4299B7CDD00DC0FD3 /* ProductDetailVC.swift */; };
		D9ADA4B7299B7CEB00DC0FD3 /* ProductDetailViewModel.swift in Sources */ = {isa = PBXBuildFile; fileRef = D9ADA4B6299B7CEB00DC0FD3 /* ProductDetailViewModel.swift */; };
		D9ADA4B9299B7CF700DC0FD3 /* BasketVC.swift in Sources */ = {isa = PBXBuildFile; fileRef = D9ADA4B8299B7CF700DC0FD3 /* BasketVC.swift */; };
		D9ADA4BB299B7D0500DC0FD3 /* BasketViewModel.swift in Sources */ = {isa = PBXBuildFile; fileRef = D9ADA4BA299B7D0500DC0FD3 /* BasketViewModel.swift */; };
		D9ADA4BE299BCAFB00DC0FD3 /* ProductModel.swift in Sources */ = {isa = PBXBuildFile; fileRef = D9ADA4BD299BCAFB00DC0FD3 /* ProductModel.swift */; };
		D9ADA4C0299BEF4400DC0FD3 /* Navigator.swift in Sources */ = {isa = PBXBuildFile; fileRef = D9ADA4BF299BEF4400DC0FD3 /* Navigator.swift */; };
		D9ADA4C2299D15AB00DC0FD3 /* ProductListCVCell.swift in Sources */ = {isa = PBXBuildFile; fileRef = D9ADA4C1299D15AB00DC0FD3 /* ProductListCVCell.swift */; };
		D9ADA4C5299DAFCF00DC0FD3 /* BasketTVCell.swift in Sources */ = {isa = PBXBuildFile; fileRef = D9ADA4C4299DAFCF00DC0FD3 /* BasketTVCell.swift */; };
/* End PBXBuildFile section */

/* Begin PBXFileReference section */
		D9ADA483299AD6D900DC0FD3 /* firebaseRealtimeDBExample.app */ = {isa = PBXFileReference; explicitFileType = wrapper.application; includeInIndex = 0; path = firebaseRealtimeDBExample.app; sourceTree = BUILT_PRODUCTS_DIR; };
		D9ADA486299AD6D900DC0FD3 /* AppDelegate.swift */ = {isa = PBXFileReference; lastKnownFileType = sourcecode.swift; path = AppDelegate.swift; sourceTree = "<group>"; };
		D9ADA488299AD6D900DC0FD3 /* SceneDelegate.swift */ = {isa = PBXFileReference; lastKnownFileType = sourcecode.swift; path = SceneDelegate.swift; sourceTree = "<group>"; };
		D9ADA48A299AD6D900DC0FD3 /* ProductListVC.swift */ = {isa = PBXFileReference; lastKnownFileType = sourcecode.swift; path = ProductListVC.swift; sourceTree = "<group>"; };
		D9ADA48D299AD6D900DC0FD3 /* Base */ = {isa = PBXFileReference; lastKnownFileType = file.storyboard; name = Base; path = Base.lproj/Main.storyboard; sourceTree = "<group>"; };
		D9ADA48F299AD6DC00DC0FD3 /* Assets.xcassets */ = {isa = PBXFileReference; lastKnownFileType = folder.assetcatalog; path = Assets.xcassets; sourceTree = "<group>"; };
		D9ADA492299AD6DC00DC0FD3 /* Base */ = {isa = PBXFileReference; lastKnownFileType = file.storyboard; name = Base; path = Base.lproj/LaunchScreen.storyboard; sourceTree = "<group>"; };
		D9ADA494299AD6DC00DC0FD3 /* Info.plist */ = {isa = PBXFileReference; lastKnownFileType = text.plist.xml; path = Info.plist; sourceTree = "<group>"; };
		D9ADA49A299AD9C200DC0FD3 /* GoogleService-Info.plist */ = {isa = PBXFileReference; fileEncoding = 4; lastKnownFileType = text.plist.xml; path = "GoogleService-Info.plist"; sourceTree = "<group>"; };
		D9ADA4B2299B7CCF00DC0FD3 /* ProductListViewModel.swift */ = {isa = PBXFileReference; lastKnownFileType = sourcecode.swift; path = ProductListViewModel.swift; sourceTree = "<group>"; };
		D9ADA4B4299B7CDD00DC0FD3 /* ProductDetailVC.swift */ = {isa = PBXFileReference; lastKnownFileType = sourcecode.swift; path = ProductDetailVC.swift; sourceTree = "<group>"; };
		D9ADA4B6299B7CEB00DC0FD3 /* ProductDetailViewModel.swift */ = {isa = PBXFileReference; lastKnownFileType = sourcecode.swift; path = ProductDetailViewModel.swift; sourceTree = "<group>"; };
		D9ADA4B8299B7CF700DC0FD3 /* BasketVC.swift */ = {isa = PBXFileReference; lastKnownFileType = sourcecode.swift; path = BasketVC.swift; sourceTree = "<group>"; };
		D9ADA4BA299B7D0500DC0FD3 /* BasketViewModel.swift */ = {isa = PBXFileReference; lastKnownFileType = sourcecode.swift; path = BasketViewModel.swift; sourceTree = "<group>"; };
		D9ADA4BD299BCAFB00DC0FD3 /* ProductModel.swift */ = {isa = PBXFileReference; lastKnownFileType = sourcecode.swift; path = ProductModel.swift; sourceTree = "<group>"; };
		D9ADA4BF299BEF4400DC0FD3 /* Navigator.swift */ = {isa = PBXFileReference; lastKnownFileType = sourcecode.swift; path = Navigator.swift; sourceTree = "<group>"; };
		D9ADA4C1299D15AB00DC0FD3 /* ProductListCVCell.swift */ = {isa = PBXFileReference; lastKnownFileType = sourcecode.swift; path = ProductListCVCell.swift; sourceTree = "<group>"; };
		D9ADA4C4299DAFCF00DC0FD3 /* BasketTVCell.swift */ = {isa = PBXFileReference; lastKnownFileType = sourcecode.swift; path = BasketTVCell.swift; sourceTree = "<group>"; };
/* End PBXFileReference section */

/* Begin PBXFrameworksBuildPhase section */
		D9ADA480299AD6D900DC0FD3 /* Frameworks */ = {
			isa = PBXFrameworksBuildPhase;
			buildActionMask = 2147483647;
			files = (
				D9ADA4A2299ADAD400DC0FD3 /* FirebaseDatabaseSwift in Frameworks */,
				D9ADA4A0299ADAD400DC0FD3 /* FirebaseDatabase in Frameworks */,
				D9ADA49E299ADAD400DC0FD3 /* FirebaseAnalytics in Frameworks */,
			);
			runOnlyForDeploymentPostprocessing = 0;
		};
/* End PBXFrameworksBuildPhase section */

/* Begin PBXGroup section */
		D9ADA47A299AD6D900DC0FD3 = {
			isa = PBXGroup;
			children = (
				D9ADA485299AD6D900DC0FD3 /* firebaseRealtimeDBExample */,
				D9ADA484299AD6D900DC0FD3 /* Products */,
			);
			sourceTree = "<group>";
		};
		D9ADA484299AD6D900DC0FD3 /* Products */ = {
			isa = PBXGroup;
			children = (
				D9ADA483299AD6D900DC0FD3 /* firebaseRealtimeDBExample.app */,
			);
			name = Products;
			sourceTree = "<group>";
		};
		D9ADA485299AD6D900DC0FD3 /* firebaseRealtimeDBExample */ = {
			isa = PBXGroup;
			children = (
				D9ADA4A3299AF1EC00DC0FD3 /* Application */,
				D9ADA4AF299B7CA000DC0FD3 /* Models */,
				D9ADA4A4299AF1FD00DC0FD3 /* Scenes */,
				D9ADA4A5299AF21800DC0FD3 /* Common */,
				D9ADA48C299AD6D900DC0FD3 /* Main.storyboard */,
				D9ADA491299AD6DC00DC0FD3 /* LaunchScreen.storyboard */,
				D9ADA494299AD6DC00DC0FD3 /* Info.plist */,
				D9ADA49A299AD9C200DC0FD3 /* GoogleService-Info.plist */,
			);
			path = firebaseRealtimeDBExample;
			sourceTree = "<group>";
		};
		D9ADA4A3299AF1EC00DC0FD3 /* Application */ = {
			isa = PBXGroup;
			children = (
				D9ADA486299AD6D900DC0FD3 /* AppDelegate.swift */,
				D9ADA488299AD6D900DC0FD3 /* SceneDelegate.swift */,
				D9ADA48F299AD6DC00DC0FD3 /* Assets.xcassets */,
			);
			path = Application;
			sourceTree = "<group>";
		};
		D9ADA4A4299AF1FD00DC0FD3 /* Scenes */ = {
			isa = PBXGroup;
			children = (
				D9ADA4A7299AF23700DC0FD3 /* ProductList */,
				D9ADA4A8299AF24400DC0FD3 /* ProductDetail */,
				D9ADA4A9299AF24E00DC0FD3 /* Basket */,
			);
			path = Scenes;
			sourceTree = "<group>";
		};
		D9ADA4A5299AF21800DC0FD3 /* Common */ = {
			isa = PBXGroup;
			children = (
				D9ADA4BF299BEF4400DC0FD3 /* Navigator.swift */,
			);
			path = Common;
			sourceTree = "<group>";
		};
		D9ADA4A7299AF23700DC0FD3 /* ProductList */ = {
			isa = PBXGroup;
			children = (
				D9ADA48A299AD6D900DC0FD3 /* ProductListVC.swift */,
				D9ADA4B2299B7CCF00DC0FD3 /* ProductListViewModel.swift */,
				D9ADA4BC299B7D1400DC0FD3 /* Cell */,
			);
			path = ProductList;
			sourceTree = "<group>";
		};
		D9ADA4A8299AF24400DC0FD3 /* ProductDetail */ = {
			isa = PBXGroup;
			children = (
				D9ADA4B4299B7CDD00DC0FD3 /* ProductDetailVC.swift */,
				D9ADA4B6299B7CEB00DC0FD3 /* ProductDetailViewModel.swift */,
			);
			path = ProductDetail;
			sourceTree = "<group>";
		};
		D9ADA4A9299AF24E00DC0FD3 /* Basket */ = {
			isa = PBXGroup;
			children = (
				D9ADA4B8299B7CF700DC0FD3 /* BasketVC.swift */,
				D9ADA4BA299B7D0500DC0FD3 /* BasketViewModel.swift */,
				D9ADA4C3299DAFB100DC0FD3 /* Cell */,
			);
			path = Basket;
			sourceTree = "<group>";
		};
		D9ADA4AF299B7CA000DC0FD3 /* Models */ = {
			isa = PBXGroup;
			children = (
				D9ADA4BD299BCAFB00DC0FD3 /* ProductModel.swift */,
			);
			path = Models;
			sourceTree = "<group>";
		};
		D9ADA4BC299B7D1400DC0FD3 /* Cell */ = {
			isa = PBXGroup;
			children = (
				D9ADA4C1299D15AB00DC0FD3 /* ProductListCVCell.swift */,
			);
			path = Cell;
			sourceTree = "<group>";
		};
		D9ADA4C3299DAFB100DC0FD3 /* Cell */ = {
			isa = PBXGroup;
			children = (
				D9ADA4C4299DAFCF00DC0FD3 /* BasketTVCell.swift */,
			);
			path = Cell;
			sourceTree = "<group>";
		};
/* End PBXGroup section */

/* Begin PBXNativeTarget section */
		D9ADA482299AD6D900DC0FD3 /* firebaseRealtimeDBExample */ = {
			isa = PBXNativeTarget;
			buildConfigurationList = D9ADA497299AD6DC00DC0FD3 /* Build configuration list for PBXNativeTarget "firebaseRealtimeDBExample" */;
			buildPhases = (
				D9ADA47F299AD6D900DC0FD3 /* Sources */,
				D9ADA480299AD6D900DC0FD3 /* Frameworks */,
				D9ADA481299AD6D900DC0FD3 /* Resources */,
			);
			buildRules = (
			);
			dependencies = (
			);
			name = firebaseRealtimeDBExample;
			packageProductDependencies = (
				D9ADA49D299ADAD400DC0FD3 /* FirebaseAnalytics */,
				D9ADA49F299ADAD400DC0FD3 /* FirebaseDatabase */,
				D9ADA4A1299ADAD400DC0FD3 /* FirebaseDatabaseSwift */,
			);
			productName = firebaseRealtimeDBExample;
			productReference = D9ADA483299AD6D900DC0FD3 /* firebaseRealtimeDBExample.app */;
			productType = "com.apple.product-type.application";
		};
/* End PBXNativeTarget section */

/* Begin PBXProject section */
		D9ADA47B299AD6D900DC0FD3 /* Project object */ = {
			isa = PBXProject;
			attributes = {
				BuildIndependentTargetsInParallel = 1;
				LastSwiftUpdateCheck = 1420;
				LastUpgradeCheck = 1420;
				TargetAttributes = {
					D9ADA482299AD6D900DC0FD3 = {
						CreatedOnToolsVersion = 14.2;
					};
				};
			};
			buildConfigurationList = D9ADA47E299AD6D900DC0FD3 /* Build configuration list for PBXProject "firebaseRealtimeDBExample" */;
			compatibilityVersion = "Xcode 14.0";
			developmentRegion = en;
			hasScannedForEncodings = 0;
			knownRegions = (
				en,
				Base,
			);
			mainGroup = D9ADA47A299AD6D900DC0FD3;
			packageReferences = (
				D9ADA49C299ADAD400DC0FD3 /* XCRemoteSwiftPackageReference "firebase-ios-sdk" */,
			);
			productRefGroup = D9ADA484299AD6D900DC0FD3 /* Products */;
			projectDirPath = "";
			projectRoot = "";
			targets = (
				D9ADA482299AD6D900DC0FD3 /* firebaseRealtimeDBExample */,
			);
		};
/* End PBXProject section */

/* Begin PBXResourcesBuildPhase section */
		D9ADA481299AD6D900DC0FD3 /* Resources */ = {
			isa = PBXResourcesBuildPhase;
			buildActionMask = 2147483647;
			files = (
				D9ADA493299AD6DC00DC0FD3 /* LaunchScreen.storyboard in Resources */,
				D9ADA49B299AD9C200DC0FD3 /* GoogleService-Info.plist in Resources */,
				D9ADA490299AD6DC00DC0FD3 /* Assets.xcassets in Resources */,
				D9ADA48E299AD6D900DC0FD3 /* Main.storyboard in Resources */,
			);
			runOnlyForDeploymentPostprocessing = 0;
		};
/* End PBXResourcesBuildPhase section */

/* Begin PBXSourcesBuildPhase section */
		D9ADA47F299AD6D900DC0FD3 /* Sources */ = {
			isa = PBXSourcesBuildPhase;
			buildActionMask = 2147483647;
			files = (
				D9ADA4B5299B7CDD00DC0FD3 /* ProductDetailVC.swift in Sources */,
				D9ADA4C5299DAFCF00DC0FD3 /* BasketTVCell.swift in Sources */,
				D9ADA4B3299B7CCF00DC0FD3 /* ProductListViewModel.swift in Sources */,
				D9ADA4B7299B7CEB00DC0FD3 /* ProductDetailViewModel.swift in Sources */,
				D9ADA4BB299B7D0500DC0FD3 /* BasketViewModel.swift in Sources */,
				D9ADA4C0299BEF4400DC0FD3 /* Navigator.swift in Sources */,
				D9ADA4B9299B7CF700DC0FD3 /* BasketVC.swift in Sources */,
				D9ADA48B299AD6D900DC0FD3 /* ProductListVC.swift in Sources */,
				D9ADA487299AD6D900DC0FD3 /* AppDelegate.swift in Sources */,
				D9ADA489299AD6D900DC0FD3 /* SceneDelegate.swift in Sources */,
				D9ADA4C2299D15AB00DC0FD3 /* ProductListCVCell.swift in Sources */,
				D9ADA4BE299BCAFB00DC0FD3 /* ProductModel.swift in Sources */,
			);
			runOnlyForDeploymentPostprocessing = 0;
		};
/* End PBXSourcesBuildPhase section */

/* Begin PBXVariantGroup section */
		D9ADA48C299AD6D900DC0FD3 /* Main.storyboard */ = {
			isa = PBXVariantGroup;
			children = (
				D9ADA48D299AD6D900DC0FD3 /* Base */,
			);
			name = Main.storyboard;
			sourceTree = "<group>";
		};
		D9ADA491299AD6DC00DC0FD3 /* LaunchScreen.storyboard */ = {
			isa = PBXVariantGroup;
			children = (
				D9ADA492299AD6DC00DC0FD3 /* Base */,
			);
			name = LaunchScreen.storyboard;
			sourceTree = "<group>";
		};
/* End PBXVariantGroup section */

/* Begin XCBuildConfiguration section */
		D9ADA495299AD6DC00DC0FD3 /* Debug */ = {
			isa = XCBuildConfiguration;
			buildSettings = {
				ALWAYS_SEARCH_USER_PATHS = NO;
				CLANG_ANALYZER_NONNULL = YES;
				CLANG_ANALYZER_NUMBER_OBJECT_CONVERSION = YES_AGGRESSIVE;
				CLANG_CXX_LANGUAGE_STANDARD = "gnu++20";
				CLANG_ENABLE_MODULES = YES;
				CLANG_ENABLE_OBJC_ARC = YES;
				CLANG_ENABLE_OBJC_WEAK = YES;
				CLANG_WARN_BLOCK_CAPTURE_AUTORELEASING = YES;
				CLANG_WARN_BOOL_CONVERSION = YES;
				CLANG_WARN_COMMA = YES;
				CLANG_WARN_CONSTANT_CONVERSION = YES;
				CLANG_WARN_DEPRECATED_OBJC_IMPLEMENTATIONS = YES;
				CLANG_WARN_DIRECT_OBJC_ISA_USAGE = YES_ERROR;
				CLANG_WARN_DOCUMENTATION_COMMENTS = YES;
				CLANG_WARN_EMPTY_BODY = YES;
				CLANG_WARN_ENUM_CONVERSION = YES;
				CLANG_WARN_INFINITE_RECURSION = YES;
				CLANG_WARN_INT_CONVERSION = YES;
				CLANG_WARN_NON_LITERAL_NULL_CONVERSION = YES;
				CLANG_WARN_OBJC_IMPLICIT_RETAIN_SELF = YES;
				CLANG_WARN_OBJC_LITERAL_CONVERSION = YES;
				CLANG_WARN_OBJC_ROOT_CLASS = YES_ERROR;
				CLANG_WARN_QUOTED_INCLUDE_IN_FRAMEWORK_HEADER = YES;
				CLANG_WARN_RANGE_LOOP_ANALYSIS = YES;
				CLANG_WARN_STRICT_PROTOTYPES = YES;
				CLANG_WARN_SUSPICIOUS_MOVE = YES;
				CLANG_WARN_UNGUARDED_AVAILABILITY = YES_AGGRESSIVE;
				CLANG_WARN_UNREACHABLE_CODE = YES;
				CLANG_WARN__DUPLICATE_METHOD_MATCH = YES;
				COPY_PHASE_STRIP = NO;
				DEBUG_INFORMATION_FORMAT = dwarf;
				ENABLE_STRICT_OBJC_MSGSEND = YES;
				ENABLE_TESTABILITY = YES;
				GCC_C_LANGUAGE_STANDARD = gnu11;
				GCC_DYNAMIC_NO_PIC = NO;
				GCC_NO_COMMON_BLOCKS = YES;
				GCC_OPTIMIZATION_LEVEL = 0;
				GCC_PREPROCESSOR_DEFINITIONS = (
					"DEBUG=1",
					"$(inherited)",
				);
				GCC_WARN_64_TO_32_BIT_CONVERSION = YES;
				GCC_WARN_ABOUT_RETURN_TYPE = YES_ERROR;
				GCC_WARN_UNDECLARED_SELECTOR = YES;
				GCC_WARN_UNINITIALIZED_AUTOS = YES_AGGRESSIVE;
				GCC_WARN_UNUSED_FUNCTION = YES;
				GCC_WARN_UNUSED_VARIABLE = YES;
				IPHONEOS_DEPLOYMENT_TARGET = 16.2;
				MTL_ENABLE_DEBUG_INFO = INCLUDE_SOURCE;
				MTL_FAST_MATH = YES;
				ONLY_ACTIVE_ARCH = YES;
				SDKROOT = iphoneos;
				SWIFT_ACTIVE_COMPILATION_CONDITIONS = DEBUG;
				SWIFT_OPTIMIZATION_LEVEL = "-Onone";
			};
			name = Debug;
		};
		D9ADA496299AD6DC00DC0FD3 /* Release */ = {
			isa = XCBuildConfiguration;
			buildSettings = {
				ALWAYS_SEARCH_USER_PATHS = NO;
				CLANG_ANALYZER_NONNULL = YES;
				CLANG_ANALYZER_NUMBER_OBJECT_CONVERSION = YES_AGGRESSIVE;
				CLANG_CXX_LANGUAGE_STANDARD = "gnu++20";
				CLANG_ENABLE_MODULES = YES;
				CLANG_ENABLE_OBJC_ARC = YES;
				CLANG_ENABLE_OBJC_WEAK = YES;
				CLANG_WARN_BLOCK_CAPTURE_AUTORELEASING = YES;
				CLANG_WARN_BOOL_CONVERSION = YES;
				CLANG_WARN_COMMA = YES;
				CLANG_WARN_CONSTANT_CONVERSION = YES;
				CLANG_WARN_DEPRECATED_OBJC_IMPLEMENTATIONS = YES;
				CLANG_WARN_DIRECT_OBJC_ISA_USAGE = YES_ERROR;
				CLANG_WARN_DOCUMENTATION_COMMENTS = YES;
				CLANG_WARN_EMPTY_BODY = YES;
				CLANG_WARN_ENUM_CONVERSION = YES;
				CLANG_WARN_INFINITE_RECURSION = YES;
				CLANG_WARN_INT_CONVERSION = YES;
				CLANG_WARN_NON_LITERAL_NULL_CONVERSION = YES;
				CLANG_WARN_OBJC_IMPLICIT_RETAIN_SELF = YES;
				CLANG_WARN_OBJC_LITERAL_CONVERSION = YES;
				CLANG_WARN_OBJC_ROOT_CLASS = YES_ERROR;
				CLANG_WARN_QUOTED_INCLUDE_IN_FRAMEWORK_HEADER = YES;
				CLANG_WARN_RANGE_LOOP_ANALYSIS = YES;
				CLANG_WARN_STRICT_PROTOTYPES = YES;
				CLANG_WARN_SUSPICIOUS_MOVE = YES;
				CLANG_WARN_UNGUARDED_AVAILABILITY = YES_AGGRESSIVE;
				CLANG_WARN_UNREACHABLE_CODE = YES;
				CLANG_WARN__DUPLICATE_METHOD_MATCH = YES;
				COPY_PHASE_STRIP = NO;
				DEBUG_INFORMATION_FORMAT = "dwarf-with-dsym";
				ENABLE_NS_ASSERTIONS = NO;
				ENABLE_STRICT_OBJC_MSGSEND = YES;
				GCC_C_LANGUAGE_STANDARD = gnu11;
				GCC_NO_COMMON_BLOCKS = YES;
				GCC_WARN_64_TO_32_BIT_CONVERSION = YES;
				GCC_WARN_ABOUT_RETURN_TYPE = YES_ERROR;
				GCC_WARN_UNDECLARED_SELECTOR = YES;
				GCC_WARN_UNINITIALIZED_AUTOS = YES_AGGRESSIVE;
				GCC_WARN_UNUSED_FUNCTION = YES;
				GCC_WARN_UNUSED_VARIABLE = YES;
				IPHONEOS_DEPLOYMENT_TARGET = 16.2;
				MTL_ENABLE_DEBUG_INFO = NO;
				MTL_FAST_MATH = YES;
				SDKROOT = iphoneos;
				SWIFT_COMPILATION_MODE = wholemodule;
				SWIFT_OPTIMIZATION_LEVEL = "-O";
				VALIDATE_PRODUCT = YES;
			};
			name = Release;
		};
		D9ADA498299AD6DC00DC0FD3 /* Debug */ = {
			isa = XCBuildConfiguration;
			buildSettings = {
				ASSETCATALOG_COMPILER_APPICON_NAME = AppIcon;
				ASSETCATALOG_COMPILER_GLOBAL_ACCENT_COLOR_NAME = AccentColor;
				CODE_SIGN_STYLE = Automatic;
				CURRENT_PROJECT_VERSION = 1;
				DEVELOPMENT_TEAM = BWN4M4MM93;
				GENERATE_INFOPLIST_FILE = YES;
				INFOPLIST_FILE = firebaseRealtimeDBExample/Info.plist;
				INFOPLIST_KEY_UIApplicationSupportsIndirectInputEvents = YES;
				INFOPLIST_KEY_UILaunchStoryboardName = LaunchScreen;
				INFOPLIST_KEY_UIMainStoryboardFile = Main;
				INFOPLIST_KEY_UISupportedInterfaceOrientations_iPad = "UIInterfaceOrientationPortrait UIInterfaceOrientationPortraitUpsideDown UIInterfaceOrientationLandscapeLeft UIInterfaceOrientationLandscapeRight";
				INFOPLIST_KEY_UISupportedInterfaceOrientations_iPhone = "UIInterfaceOrientationPortrait UIInterfaceOrientationLandscapeLeft UIInterfaceOrientationLandscapeRight";
				LD_RUNPATH_SEARCH_PATHS = (
					"$(inherited)",
					"@executable_path/Frameworks",
				);
				MARKETING_VERSION = 1.0;
				PRODUCT_BUNDLE_IDENTIFIER = dildaezgi.firebaseRealtimeDBExample;
				PRODUCT_NAME = "$(TARGET_NAME)";
				SWIFT_EMIT_LOC_STRINGS = YES;
				SWIFT_VERSION = 5.0;
				TARGETED_DEVICE_FAMILY = "1,2";
			};
			name = Debug;
		};
		D9ADA499299AD6DC00DC0FD3 /* Release */ = {
			isa = XCBuildConfiguration;
			buildSettings = {
				ASSETCATALOG_COMPILER_APPICON_NAME = AppIcon;
				ASSETCATALOG_COMPILER_GLOBAL_ACCENT_COLOR_NAME = AccentColor;
				CODE_SIGN_STYLE = Automatic;
				CURRENT_PROJECT_VERSION = 1;
				DEVELOPMENT_TEAM = BWN4M4MM93;
				GENERATE_INFOPLIST_FILE = YES;
				INFOPLIST_FILE = firebaseRealtimeDBExample/Info.plist;
				INFOPLIST_KEY_UIApplicationSupportsIndirectInputEvents = YES;
				INFOPLIST_KEY_UILaunchStoryboardName = LaunchScreen;
				INFOPLIST_KEY_UIMainStoryboardFile = Main;
				INFOPLIST_KEY_UISupportedInterfaceOrientations_iPad = "UIInterfaceOrientationPortrait UIInterfaceOrientationPortraitUpsideDown UIInterfaceOrientationLandscapeLeft UIInterfaceOrientationLandscapeRight";
				INFOPLIST_KEY_UISupportedInterfaceOrientations_iPhone = "UIInterfaceOrientationPortrait UIInterfaceOrientationLandscapeLeft UIInterfaceOrientationLandscapeRight";
				LD_RUNPATH_SEARCH_PATHS = (
					"$(inherited)",
					"@executable_path/Frameworks",
				);
				MARKETING_VERSION = 1.0;
				PRODUCT_BUNDLE_IDENTIFIER = dildaezgi.firebaseRealtimeDBExample;
				PRODUCT_NAME = "$(TARGET_NAME)";
				SWIFT_EMIT_LOC_STRINGS = YES;
				SWIFT_VERSION = 5.0;
				TARGETED_DEVICE_FAMILY = "1,2";
			};
			name = Release;
		};
/* End XCBuildConfiguration section */

/* Begin XCConfigurationList section */
		D9ADA47E299AD6D900DC0FD3 /* Build configuration list for PBXProject "firebaseRealtimeDBExample" */ = {
			isa = XCConfigurationList;
			buildConfigurations = (
				D9ADA495299AD6DC00DC0FD3 /* Debug */,
				D9ADA496299AD6DC00DC0FD3 /* Release */,
			);
			defaultConfigurationIsVisible = 0;
			defaultConfigurationName = Release;
		};
		D9ADA497299AD6DC00DC0FD3 /* Build configuration list for PBXNativeTarget "firebaseRealtimeDBExample" */ = {
			isa = XCConfigurationList;
			buildConfigurations = (
				D9ADA498299AD6DC00DC0FD3 /* Debug */,
				D9ADA499299AD6DC00DC0FD3 /* Release */,
			);
			defaultConfigurationIsVisible = 0;
			defaultConfigurationName = Release;
		};
/* End XCConfigurationList section */

/* Begin XCRemoteSwiftPackageReference section */
		D9ADA49C299ADAD400DC0FD3 /* XCRemoteSwiftPackageReference "firebase-ios-sdk" */ = {
			isa = XCRemoteSwiftPackageReference;
			repositoryURL = "https://github.com/firebase/firebase-ios-sdk";
			requirement = {
				kind = upToNextMajorVersion;
				minimumVersion = 9.0.0;
			};
		};
/* End XCRemoteSwiftPackageReference section */

/* Begin XCSwiftPackageProductDependency section */
		D9ADA49D299ADAD400DC0FD3 /* FirebaseAnalytics */ = {
			isa = XCSwiftPackageProductDependency;
			package = D9ADA49C299ADAD400DC0FD3 /* XCRemoteSwiftPackageReference "firebase-ios-sdk" */;
			productName = FirebaseAnalytics;
		};
		D9ADA49F299ADAD400DC0FD3 /* FirebaseDatabase */ = {
			isa = XCSwiftPackageProductDependency;
			package = D9ADA49C299ADAD400DC0FD3 /* XCRemoteSwiftPackageReference "firebase-ios-sdk" */;
			productName = FirebaseDatabase;
		};
		D9ADA4A1299ADAD400DC0FD3 /* FirebaseDatabaseSwift */ = {
			isa = XCSwiftPackageProductDependency;
			package = D9ADA49C299ADAD400DC0FD3 /* XCRemoteSwiftPackageReference "firebase-ios-sdk" */;
			productName = FirebaseDatabaseSwift;
		};
/* End XCSwiftPackageProductDependency section */
	};
	rootObject = D9ADA47B299AD6D900DC0FD3 /* Project object */;
}
